
Microsoft Visual Studio Solution File, Format Version 12.00
# Visual Studio Version 17
VisualStudioVersion = 17.5.33502.453
MinimumVisualStudioVersion = 10.0.40219.1
Project("{2150E333-8FDC-42A3-9474-1A3956D46DE8}") = "Services", "Services", "{A835B5B8-E873-4648-83FE-877B7C98616B}"
EndProject
Project("{2150E333-8FDC-42A3-9474-1A3956D46DE8}") = "Catalog", "Catalog", "{5B575D4F-B2A7-4DD7-A7B6-7066757F9476}"
EndProject
Project("{FAE04EC0-301F-11D3-BF4B-00C04F79EFBC}") = "Catalog.API", "Services\Catalog\Catalog.API\Catalog.API.csproj", "{C8ED1B5E-CD3C-4FD0-825F-7006951B0F9C}"
EndProject
Global
	GlobalSection(SolutionConfigurationPlatforms) = preSolution
		Debug|Any CPU = Debug|Any CPU
		Release|Any CPU = Release|Any CPU
	EndGlobalSection
	GlobalSection(ProjectConfigurationPlatforms) = postSolution
		{C8ED1B5E-CD3C-4FD0-825F-7006951B0F9C}.Debug|Any CPU.ActiveCfg = Debug|Any CPU
		{C8ED1B5E-CD3C-4FD0-825F-7006951B0F9C}.Debug|Any CPU.Build.0 = Debug|Any CPU
		{C8ED1B5E-CD3C-4FD0-825F-7006951B0F9C}.Release|Any CPU.ActiveCfg = Release|Any CPU
		{C8ED1B5E-CD3C-4FD0-825F-7006951B0F9C}.Release|Any CPU.Build.0 = Release|Any CPU
	EndGlobalSection
	GlobalSection(SolutionProperties) = preSolution
		HideSolutionNode = FALSE
	EndGlobalSection
	GlobalSection(NestedProjects) = preSolution
		{5B575D4F-B2A7-4DD7-A7B6-7066757F9476} = {A835B5B8-E873-4648-83FE-877B7C98616B}
		{C8ED1B5E-CD3C-4FD0-825F-7006951B0F9C} = {5B575D4F-B2A7-4DD7-A7B6-7066757F9476}
	EndGlobalSection
	GlobalSection(ExtensibilityGlobals) = postSolution
		SolutionGuid = {60017A72-F4E9-4E05-B561-3E3B88B1933E}
	EndGlobalSection
EndGlobal
